// !$*UTF8*$!
{
	archiveVersion = 1;
	classes = {
	};
	objectVersion = 46;
	objects = {

/* Begin PBXBuildFile section */
		4D7DF80C1CA2855A00674BB9 /* AppDelegate.m in Sources */ = {isa = PBXBuildFile; fileRef = 4D7DF8021CA2855A00674BB9 /* AppDelegate.m */; };
		4D7DF80D1CA2855A00674BB9 /* Assets.xcassets in Resources */ = {isa = PBXBuildFile; fileRef = 4D7DF8031CA2855A00674BB9 /* Assets.xcassets */; };
		4D7DF80E1CA2855A00674BB9 /* LaunchScreen.storyboard in Resources */ = {isa = PBXBuildFile; fileRef = 4D7DF8041CA2855A00674BB9 /* LaunchScreen.storyboard */; };
		4D7DF8111CA2855A00674BB9 /* main.m in Sources */ = {isa = PBXBuildFile; fileRef = 4D7DF8091CA2855A00674BB9 /* main.m */; };
		4D84BF141CBC7E600023E9D9 /* ISNApperanceCalibrator.m in Sources */ = {isa = PBXBuildFile; fileRef = 4D84BF0E1CBC7E600023E9D9 /* ISNApperanceCalibrator.m */; };
		4D84BF151CBC7E600023E9D9 /* CustomControl.storyboard in Resources */ = {isa = PBXBuildFile; fileRef = 4D84BF111CBC7E600023E9D9 /* CustomControl.storyboard */; };
		4D84BF161CBC7E600023E9D9 /* ISNCustomViewController.m in Sources */ = {isa = PBXBuildFile; fileRef = 4D84BF131CBC7E600023E9D9 /* ISNCustomViewController.m */; };
		4D84BF191CBC80DE0023E9D9 /* ISNCollectionViewController.m in Sources */ = {isa = PBXBuildFile; fileRef = 4D84BF181CBC80DE0023E9D9 /* ISNCollectionViewController.m */; };
		4D84BF1B1CBC80F30023E9D9 /* CollectionView.storyboard in Resources */ = {isa = PBXBuildFile; fileRef = 4D84BF1A1CBC80F30023E9D9 /* CollectionView.storyboard */; };
		4DC199EB1CA3636200C53C0F /* ISNTableDataSource.m in Sources */ = {isa = PBXBuildFile; fileRef = 4DC199E71CA3636200C53C0F /* ISNTableDataSource.m */; };
		4DC199EC1CA3636200C53C0F /* ISNTinyTableViewController.m in Sources */ = {isa = PBXBuildFile; fileRef = 4DC199E91CA3636200C53C0F /* ISNTinyTableViewController.m */; };
		4DC199ED1CA3636200C53C0F /* TinyTableViewController.storyboard in Resources */ = {isa = PBXBuildFile; fileRef = 4DC199EA1CA3636200C53C0F /* TinyTableViewController.storyboard */; };
		4DC199F11CA3658E00C53C0F /* ReadMe.md in Resources */ = {isa = PBXBuildFile; fileRef = 4DC199F01CA3658E00C53C0F /* ReadMe.md */; };
		4DC199FB1CA377F600C53C0F /* ISNNeatTableViewController.m in Sources */ = {isa = PBXBuildFile; fileRef = 4DC199F91CA377F600C53C0F /* ISNNeatTableViewController.m */; };
		4DC199FC1CA377F600C53C0F /* ISNNeatTableViewController.xib in Resources */ = {isa = PBXBuildFile; fileRef = 4DC199FA1CA377F600C53C0F /* ISNNeatTableViewController.xib */; };
		4DC199FE1CA3787B00C53C0F /* NeatTable.storyboard in Resources */ = {isa = PBXBuildFile; fileRef = 4DC199FD1CA3787B00C53C0F /* NeatTable.storyboard */; };
		4DC19A011CA378CC00C53C0F /* ISNNeatViewController.m in Sources */ = {isa = PBXBuildFile; fileRef = 4DC19A001CA378CC00C53C0F /* ISNNeatViewController.m */; };
		4DC19A031CA3792600C53C0F /* neat_banner.jpg in Resources */ = {isa = PBXBuildFile; fileRef = 4DC19A021CA3792600C53C0F /* neat_banner.jpg */; };
		4DC19A051CA37FBD00C53C0F /* ReadMe.md in Resources */ = {isa = PBXBuildFile; fileRef = 4DC19A041CA37FBD00C53C0F /* ReadMe.md */; };
/* End PBXBuildFile section */

/* Begin PBXFileReference section */
		4D7DF7E31CA2844A00674BB9 /* iOSNotes.app */ = {isa = PBXFileReference; explicitFileType = wrapper.application; includeInIndex = 0; path = iOSNotes.app; sourceTree = BUILT_PRODUCTS_DIR; };
		4D7DF8011CA2855A00674BB9 /* AppDelegate.h */ = {isa = PBXFileReference; fileEncoding = 4; lastKnownFileType = sourcecode.c.h; path = AppDelegate.h; sourceTree = "<group>"; };
		4D7DF8021CA2855A00674BB9 /* AppDelegate.m */ = {isa = PBXFileReference; fileEncoding = 4; lastKnownFileType = sourcecode.c.objc; path = AppDelegate.m; sourceTree = "<group>"; };
		4D7DF8031CA2855A00674BB9 /* Assets.xcassets */ = {isa = PBXFileReference; lastKnownFileType = folder.assetcatalog; path = Assets.xcassets; sourceTree = "<group>"; };
		4D7DF8051CA2855A00674BB9 /* Base */ = {isa = PBXFileReference; lastKnownFileType = file.storyboard; name = Base; path = Base.lproj/LaunchScreen.storyboard; sourceTree = "<group>"; };
		4D7DF8081CA2855A00674BB9 /* Info.plist */ = {isa = PBXFileReference; fileEncoding = 4; lastKnownFileType = text.plist.xml; path = Info.plist; sourceTree = "<group>"; };
		4D7DF8091CA2855A00674BB9 /* main.m */ = {isa = PBXFileReference; fileEncoding = 4; lastKnownFileType = sourcecode.c.objc; path = main.m; sourceTree = "<group>"; };
		4D84BF0D1CBC7E600023E9D9 /* ISNApperanceCalibrator.h */ = {isa = PBXFileReference; fileEncoding = 4; lastKnownFileType = sourcecode.c.h; path = ISNApperanceCalibrator.h; sourceTree = "<group>"; };
		4D84BF0E1CBC7E600023E9D9 /* ISNApperanceCalibrator.m */ = {isa = PBXFileReference; fileEncoding = 4; lastKnownFileType = sourcecode.c.objc; path = ISNApperanceCalibrator.m; sourceTree = "<group>"; };
		4D84BF111CBC7E600023E9D9 /* CustomControl.storyboard */ = {isa = PBXFileReference; fileEncoding = 4; lastKnownFileType = file.storyboard; path = CustomControl.storyboard; sourceTree = "<group>"; };
		4D84BF121CBC7E600023E9D9 /* ISNCustomViewController.h */ = {isa = PBXFileReference; fileEncoding = 4; lastKnownFileType = sourcecode.c.h; path = ISNCustomViewController.h; sourceTree = "<group>"; };
		4D84BF131CBC7E600023E9D9 /* ISNCustomViewController.m */ = {isa = PBXFileReference; fileEncoding = 4; lastKnownFileType = sourcecode.c.objc; path = ISNCustomViewController.m; sourceTree = "<group>"; };
		4D84BF171CBC80DE0023E9D9 /* ISNCollectionViewController.h */ = {isa = PBXFileReference; fileEncoding = 4; lastKnownFileType = sourcecode.c.h; path = ISNCollectionViewController.h; sourceTree = "<group>"; };
		4D84BF181CBC80DE0023E9D9 /* ISNCollectionViewController.m */ = {isa = PBXFileReference; fileEncoding = 4; lastKnownFileType = sourcecode.c.objc; path = ISNCollectionViewController.m; sourceTree = "<group>"; };
		4D84BF1A1CBC80F30023E9D9 /* CollectionView.storyboard */ = {isa = PBXFileReference; fileEncoding = 4; lastKnownFileType = file.storyboard; path = CollectionView.storyboard; sourceTree = "<group>"; };
		4DC199E61CA3636200C53C0F /* ISNTableDataSource.h */ = {isa = PBXFileReference; fileEncoding = 4; lastKnownFileType = sourcecode.c.h; path = ISNTableDataSource.h; sourceTree = "<group>"; };
		4DC199E71CA3636200C53C0F /* ISNTableDataSource.m */ = {isa = PBXFileReference; fileEncoding = 4; lastKnownFileType = sourcecode.c.objc; path = ISNTableDataSource.m; sourceTree = "<group>"; };
		4DC199E81CA3636200C53C0F /* ISNTinyTableViewController.h */ = {isa = PBXFileReference; fileEncoding = 4; lastKnownFileType = sourcecode.c.h; path = ISNTinyTableViewController.h; sourceTree = "<group>"; };
		4DC199E91CA3636200C53C0F /* ISNTinyTableViewController.m */ = {isa = PBXFileReference; fileEncoding = 4; lastKnownFileType = sourcecode.c.objc; path = ISNTinyTableViewController.m; sourceTree = "<group>"; };
		4DC199EA1CA3636200C53C0F /* TinyTableViewController.storyboard */ = {isa = PBXFileReference; fileEncoding = 4; lastKnownFileType = file.storyboard; path = TinyTableViewController.storyboard; sourceTree = "<group>"; };
		4DC199F01CA3658E00C53C0F /* ReadMe.md */ = {isa = PBXFileReference; fileEncoding = 4; lastKnownFileType = net.daringfireball.markdown; path = ReadMe.md; sourceTree = "<group>"; };
		4DC199F81CA377F600C53C0F /* ISNNeatTableViewController.h */ = {isa = PBXFileReference; fileEncoding = 4; lastKnownFileType = sourcecode.c.h; path = ISNNeatTableViewController.h; sourceTree = "<group>"; };
		4DC199F91CA377F600C53C0F /* ISNNeatTableViewController.m */ = {isa = PBXFileReference; fileEncoding = 4; lastKnownFileType = sourcecode.c.objc; path = ISNNeatTableViewController.m; sourceTree = "<group>"; };
		4DC199FA1CA377F600C53C0F /* ISNNeatTableViewController.xib */ = {isa = PBXFileReference; fileEncoding = 4; lastKnownFileType = file.xib; path = ISNNeatTableViewController.xib; sourceTree = "<group>"; };
		4DC199FD1CA3787B00C53C0F /* NeatTable.storyboard */ = {isa = PBXFileReference; fileEncoding = 4; lastKnownFileType = file.storyboard; path = NeatTable.storyboard; sourceTree = "<group>"; };
		4DC199FF1CA378CC00C53C0F /* ISNNeatViewController.h */ = {isa = PBXFileReference; fileEncoding = 4; lastKnownFileType = sourcecode.c.h; path = ISNNeatViewController.h; sourceTree = "<group>"; };
		4DC19A001CA378CC00C53C0F /* ISNNeatViewController.m */ = {isa = PBXFileReference; fileEncoding = 4; lastKnownFileType = sourcecode.c.objc; path = ISNNeatViewController.m; sourceTree = "<group>"; };
		4DC19A021CA3792600C53C0F /* neat_banner.jpg */ = {isa = PBXFileReference; lastKnownFileType = image.jpeg; path = neat_banner.jpg; sourceTree = "<group>"; };
		4DC19A041CA37FBD00C53C0F /* ReadMe.md */ = {isa = PBXFileReference; fileEncoding = 4; lastKnownFileType = net.daringfireball.markdown; path = ReadMe.md; sourceTree = "<group>"; };
/* End PBXFileReference section */

/* Begin PBXFrameworksBuildPhase section */
		4D7DF7E01CA2844A00674BB9 /* Frameworks */ = {
			isa = PBXFrameworksBuildPhase;
			buildActionMask = 2147483647;
			files = (
			);
			runOnlyForDeploymentPostprocessing = 0;
		};
/* End PBXFrameworksBuildPhase section */

/* Begin PBXGroup section */
		4D7DF7DA1CA2844A00674BB9 = {
			isa = PBXGroup;
			children = (
				4D7DF8001CA2855A00674BB9 /* Application */,
				4DC199E31CA3636200C53C0F /* Folders */,
				4D7DF7E41CA2844A00674BB9 /* Products */,
			);
			sourceTree = "<group>";
		};
		4D7DF7E41CA2844A00674BB9 /* Products */ = {
			isa = PBXGroup;
			children = (
				4D7DF7E31CA2844A00674BB9 /* iOSNotes.app */,
			);
			name = Products;
			sourceTree = "<group>";
		};
		4D7DF8001CA2855A00674BB9 /* Application */ = {
			isa = PBXGroup;
			children = (
				4D7DF8011CA2855A00674BB9 /* AppDelegate.h */,
				4D7DF8021CA2855A00674BB9 /* AppDelegate.m */,
				4D7DF8031CA2855A00674BB9 /* Assets.xcassets */,
				4D7DF8041CA2855A00674BB9 /* LaunchScreen.storyboard */,
				4D7DF8081CA2855A00674BB9 /* Info.plist */,
				4D7DF8091CA2855A00674BB9 /* main.m */,
			);
			path = Application;
			sourceTree = "<group>";
		};
		4D84BF0C1CBC7E600023E9D9 /* ChangeNavigationBarTextFont */ = {
			isa = PBXGroup;
			children = (
				4D84BF0D1CBC7E600023E9D9 /* ISNApperanceCalibrator.h */,
				4D84BF0E1CBC7E600023E9D9 /* ISNApperanceCalibrator.m */,
			);
			path = ChangeNavigationBarTextFont;
			sourceTree = "<group>";
		};
		4D84BF0F1CBC7E600023E9D9 /* CollectionView+Dynamics */ = {
			isa = PBXGroup;
			children = (
				4D84BF171CBC80DE0023E9D9 /* ISNCollectionViewController.h */,
				4D84BF181CBC80DE0023E9D9 /* ISNCollectionViewController.m */,
				4D84BF1A1CBC80F30023E9D9 /* CollectionView.storyboard */,
			);
			path = "CollectionView+Dynamics";
			sourceTree = "<group>";
		};
		4D84BF101CBC7E600023E9D9 /* CustomControl */ = {
			isa = PBXGroup;
			children = (
				4D84BF111CBC7E600023E9D9 /* CustomControl.storyboard */,
				4D84BF121CBC7E600023E9D9 /* ISNCustomViewController.h */,
				4D84BF131CBC7E600023E9D9 /* ISNCustomViewController.m */,
			);
			path = CustomControl;
			sourceTree = "<group>";
		};
		4DC199E31CA3636200C53C0F /* Folders */ = {
			isa = PBXGroup;
			children = (
				4DC199E41CA3636200C53C0F /* 1 View Controllers */,
				4DE463181CA8B8CF0017AE96 /* 2 Views */,
			);
			path = Folders;
			sourceTree = "<group>";
		};
		4DC199E41CA3636200C53C0F /* 1 View Controllers */ = {
			isa = PBXGroup;
			children = (
				4DC199F71CA377F600C53C0F /* NeatTableViewController */,
				4DC199E51CA3636200C53C0F /* TinyTableViewController */,
			);
			path = "1 View Controllers";
			sourceTree = "<group>";
		};
		4DC199E51CA3636200C53C0F /* TinyTableViewController */ = {
			isa = PBXGroup;
			children = (
				4DC199E61CA3636200C53C0F /* ISNTableDataSource.h */,
				4DC199E71CA3636200C53C0F /* ISNTableDataSource.m */,
				4DC199E81CA3636200C53C0F /* ISNTinyTableViewController.h */,
				4DC199E91CA3636200C53C0F /* ISNTinyTableViewController.m */,
				4DC199EA1CA3636200C53C0F /* TinyTableViewController.storyboard */,
				4DC199F01CA3658E00C53C0F /* ReadMe.md */,
			);
			path = TinyTableViewController;
			sourceTree = "<group>";
		};
		4DC199F71CA377F600C53C0F /* NeatTableViewController */ = {
			isa = PBXGroup;
			children = (
				4DC19A021CA3792600C53C0F /* neat_banner.jpg */,
				4DC199F81CA377F600C53C0F /* ISNNeatTableViewController.h */,
				4DC199F91CA377F600C53C0F /* ISNNeatTableViewController.m */,
				4DC199FA1CA377F600C53C0F /* ISNNeatTableViewController.xib */,
				4DC199FD1CA3787B00C53C0F /* NeatTable.storyboard */,
				4DC199FF1CA378CC00C53C0F /* ISNNeatViewController.h */,
				4DC19A001CA378CC00C53C0F /* ISNNeatViewController.m */,
				4DC19A041CA37FBD00C53C0F /* ReadMe.md */,
			);
			path = NeatTableViewController;
			sourceTree = "<group>";
		};
		4DE463181CA8B8CF0017AE96 /* 2 Views */ = {
			isa = PBXGroup;
			children = (
				4D84BF0C1CBC7E600023E9D9 /* ChangeNavigationBarTextFont */,
				4D84BF0F1CBC7E600023E9D9 /* CollectionView+Dynamics */,
				4D84BF101CBC7E600023E9D9 /* CustomControl */,
			);
			path = "2 Views";
			sourceTree = "<group>";
		};
/* End PBXGroup section */

/* Begin PBXNativeTarget section */
		4D7DF7E21CA2844A00674BB9 /* iOSNotes */ = {
			isa = PBXNativeTarget;
			buildConfigurationList = 4D7DF7FA1CA2844A00674BB9 /* Build configuration list for PBXNativeTarget "iOSNotes" */;
			buildPhases = (
				4D7DF7DF1CA2844A00674BB9 /* Sources */,
				4D7DF7E01CA2844A00674BB9 /* Frameworks */,
				4D7DF7E11CA2844A00674BB9 /* Resources */,
			);
			buildRules = (
			);
			dependencies = (
			);
			name = iOSNotes;
			productName = iOSNotes;
			productReference = 4D7DF7E31CA2844A00674BB9 /* iOSNotes.app */;
			productType = "com.apple.product-type.application";
		};
/* End PBXNativeTarget section */

/* Begin PBXProject section */
		4D7DF7DB1CA2844A00674BB9 /* Project object */ = {
			isa = PBXProject;
			attributes = {
				CLASSPREFIX = ISN;
				LastUpgradeCheck = 0730;
				ORGANIZATIONNAME = yangdongling;
				TargetAttributes = {
					4D7DF7E21CA2844A00674BB9 = {
						CreatedOnToolsVersion = 7.3;
						SystemCapabilities = {
							com.apple.BackgroundModes = {
								enabled = 0;
							};
						};
					};
				};
			};
			buildConfigurationList = 4D7DF7DE1CA2844A00674BB9 /* Build configuration list for PBXProject "iOSNotes" */;
			compatibilityVersion = "Xcode 3.2";
			developmentRegion = English;
			hasScannedForEncodings = 0;
			knownRegions = (
				en,
				Base,
			);
			mainGroup = 4D7DF7DA1CA2844A00674BB9;
			productRefGroup = 4D7DF7E41CA2844A00674BB9 /* Products */;
			projectDirPath = "";
			projectRoot = "";
			targets = (
				4D7DF7E21CA2844A00674BB9 /* iOSNotes */,
			);
		};
/* End PBXProject section */

/* Begin PBXResourcesBuildPhase section */
		4D7DF7E11CA2844A00674BB9 /* Resources */ = {
			isa = PBXResourcesBuildPhase;
			buildActionMask = 2147483647;
			files = (
				4D7DF80D1CA2855A00674BB9 /* Assets.xcassets in Resources */,
				4DC199FC1CA377F600C53C0F /* ISNNeatTableViewController.xib in Resources */,
				4DC199ED1CA3636200C53C0F /* TinyTableViewController.storyboard in Resources */,
				4DC19A031CA3792600C53C0F /* neat_banner.jpg in Resources */,
				4D84BF151CBC7E600023E9D9 /* CustomControl.storyboard in Resources */,
				4DC199FE1CA3787B00C53C0F /* NeatTable.storyboard in Resources */,
				4DC199F11CA3658E00C53C0F /* ReadMe.md in Resources */,
				4D84BF1B1CBC80F30023E9D9 /* CollectionView.storyboard in Resources */,
				4DC19A051CA37FBD00C53C0F /* ReadMe.md in Resources */,
				4D7DF80E1CA2855A00674BB9 /* LaunchScreen.storyboard in Resources */,
			);
			runOnlyForDeploymentPostprocessing = 0;
		};
/* End PBXResourcesBuildPhase section */

/* Begin PBXSourcesBuildPhase section */
		4D7DF7DF1CA2844A00674BB9 /* Sources */ = {
			isa = PBXSourcesBuildPhase;
			buildActionMask = 2147483647;
			files = (
				4D84BF161CBC7E600023E9D9 /* ISNCustomViewController.m in Sources */,
				4DC199EC1CA3636200C53C0F /* ISNTinyTableViewController.m in Sources */,
				4D7DF8111CA2855A00674BB9 /* main.m in Sources */,
				4D84BF141CBC7E600023E9D9 /* ISNApperanceCalibrator.m in Sources */,
				4D84BF191CBC80DE0023E9D9 /* ISNCollectionViewController.m in Sources */,
				4DC199FB1CA377F600C53C0F /* ISNNeatTableViewController.m in Sources */,
				4D7DF80C1CA2855A00674BB9 /* AppDelegate.m in Sources */,
				4DC199EB1CA3636200C53C0F /* ISNTableDataSource.m in Sources */,
				4DC19A011CA378CC00C53C0F /* ISNNeatViewController.m in Sources */,
			);
			runOnlyForDeploymentPostprocessing = 0;
		};
/* End PBXSourcesBuildPhase section */

/* Begin PBXVariantGroup section */
		4D7DF8041CA2855A00674BB9 /* LaunchScreen.storyboard */ = {
			isa = PBXVariantGroup;
			children = (
				4D7DF8051CA2855A00674BB9 /* Base */,
			);
			name = LaunchScreen.storyboard;
			sourceTree = "<group>";
		};
/* End PBXVariantGroup section */

/* Begin XCBuildConfiguration section */
		4D7DF7F81CA2844A00674BB9 /* Debug */ = {
			isa = XCBuildConfiguration;
			buildSettings = {
				ALWAYS_SEARCH_USER_PATHS = NO;
				CLANG_ANALYZER_NONNULL = YES;
				CLANG_CXX_LANGUAGE_STANDARD = "gnu++0x";
				CLANG_CXX_LIBRARY = "libc++";
				CLANG_ENABLE_MODULES = YES;
				CLANG_ENABLE_OBJC_ARC = YES;
				CLANG_WARN_BOOL_CONVERSION = YES;
				CLANG_WARN_CONSTANT_CONVERSION = YES;
				CLANG_WARN_DIRECT_OBJC_ISA_USAGE = YES_ERROR;
				CLANG_WARN_EMPTY_BODY = YES;
				CLANG_WARN_ENUM_CONVERSION = YES;
				CLANG_WARN_INT_CONVERSION = YES;
				CLANG_WARN_OBJC_ROOT_CLASS = YES_ERROR;
				CLANG_WARN_UNREACHABLE_CODE = YES;
				CLANG_WARN__DUPLICATE_METHOD_MATCH = YES;
				"CODE_SIGN_IDENTITY[sdk=iphoneos*]" = "iPhone Developer";
				COPY_PHASE_STRIP = NO;
				DEBUG_INFORMATION_FORMAT = dwarf;
				ENABLE_STRICT_OBJC_MSGSEND = YES;
				ENABLE_TESTABILITY = YES;
				GCC_C_LANGUAGE_STANDARD = gnu99;
				GCC_DYNAMIC_NO_PIC = NO;
				GCC_NO_COMMON_BLOCKS = YES;
				GCC_OPTIMIZATION_LEVEL = 0;
				GCC_PREPROCESSOR_DEFINITIONS = (
					"DEBUG=1",
					"$(inherited)",
				);
				GCC_WARN_64_TO_32_BIT_CONVERSION = YES;
				GCC_WARN_ABOUT_RETURN_TYPE = YES_ERROR;
				GCC_WARN_UNDECLARED_SELECTOR = YES;
				GCC_WARN_UNINITIALIZED_AUTOS = YES_AGGRESSIVE;
				GCC_WARN_UNUSED_FUNCTION = YES;
				GCC_WARN_UNUSED_VARIABLE = YES;
				IPHONEOS_DEPLOYMENT_TARGET = 9.3;
				MTL_ENABLE_DEBUG_INFO = YES;
				ONLY_ACTIVE_ARCH = YES;
				SDKROOT = iphoneos;
			};
			name = Debug;
		};
		4D7DF7F91CA2844A00674BB9 /* Release */ = {
			isa = XCBuildConfiguration;
			buildSettings = {
				ALWAYS_SEARCH_USER_PATHS = NO;
				CLANG_ANALYZER_NONNULL = YES;
				CLANG_CXX_LANGUAGE_STANDARD = "gnu++0x";
				CLANG_CXX_LIBRARY = "libc++";
				CLANG_ENABLE_MODULES = YES;
				CLANG_ENABLE_OBJC_ARC = YES;
				CLANG_WARN_BOOL_CONVERSION = YES;
				CLANG_WARN_CONSTANT_CONVERSION = YES;
				CLANG_WARN_DIRECT_OBJC_ISA_USAGE = YES_ERROR;
				CLANG_WARN_EMPTY_BODY = YES;
				CLANG_WARN_ENUM_CONVERSION = YES;
				CLANG_WARN_INT_CONVERSION = YES;
				CLANG_WARN_OBJC_ROOT_CLASS = YES_ERROR;
				CLANG_WARN_UNREACHABLE_CODE = YES;
				CLANG_WARN__DUPLICATE_METHOD_MATCH = YES;
				"CODE_SIGN_IDENTITY[sdk=iphoneos*]" = "iPhone Developer";
				COPY_PHASE_STRIP = NO;
				DEBUG_INFORMATION_FORMAT = "dwarf-with-dsym";
				ENABLE_NS_ASSERTIONS = NO;
				ENABLE_STRICT_OBJC_MSGSEND = YES;
				GCC_C_LANGUAGE_STANDARD = gnu99;
				GCC_NO_COMMON_BLOCKS = YES;
				GCC_WARN_64_TO_32_BIT_CONVERSION = YES;
				GCC_WARN_ABOUT_RETURN_TYPE = YES_ERROR;
				GCC_WARN_UNDECLARED_SELECTOR = YES;
				GCC_WARN_UNINITIALIZED_AUTOS = YES_AGGRESSIVE;
				GCC_WARN_UNUSED_FUNCTION = YES;
				GCC_WARN_UNUSED_VARIABLE = YES;
				IPHONEOS_DEPLOYMENT_TARGET = 9.3;
				MTL_ENABLE_DEBUG_INFO = NO;
				SDKROOT = iphoneos;
				VALIDATE_PRODUCT = YES;
			};
			name = Release;
		};
		4D7DF7FB1CA2844A00674BB9 /* Debug */ = {
			isa = XCBuildConfiguration;
			buildSettings = {
				ASSETCATALOG_COMPILER_APPICON_NAME = AppIcon;
				INFOPLIST_FILE = "$(SRCROOT)/Application/Info.plist";
				IPHONEOS_DEPLOYMENT_TARGET = 7.0;
				LD_RUNPATH_SEARCH_PATHS = "$(inherited) @executable_path/Frameworks";
				PRODUCT_BUNDLE_IDENTIFIER = com.yangdongling.iOSNotes;
				PRODUCT_NAME = "$(TARGET_NAME)";
			};
			name = Debug;
		};
		4D7DF7FC1CA2844A00674BB9 /* Release */ = {
			isa = XCBuildConfiguration;
			buildSettings = {
				ASSETCATALOG_COMPILER_APPICON_NAME = AppIcon;
				INFOPLIST_FILE = "$(SRCROOT)/Application/Info.plist";
				IPHONEOS_DEPLOYMENT_TARGET = 7.0;
				LD_RUNPATH_SEARCH_PATHS = "$(inherited) @executable_path/Frameworks";
				PRODUCT_BUNDLE_IDENTIFIER = com.yangdongling.iOSNotes;
				PRODUCT_NAME = "$(TARGET_NAME)";
			};
			name = Release;
		};
/* End XCBuildConfiguration section */

/* Begin XCConfigurationList section */
		4D7DF7DE1CA2844A00674BB9 /* Build configuration list for PBXProject "iOSNotes" */ = {
			isa = XCConfigurationList;
			buildConfigurations = (
				4D7DF7F81CA2844A00674BB9 /* Debug */,
				4D7DF7F91CA2844A00674BB9 /* Release */,
			);
			defaultConfigurationIsVisible = 0;
			defaultConfigurationName = Release;
		};
		4D7DF7FA1CA2844A00674BB9 /* Build configuration list for PBXNativeTarget "iOSNotes" */ = {
			isa = XCConfigurationList;
			buildConfigurations = (
				4D7DF7FB1CA2844A00674BB9 /* Debug */,
				4D7DF7FC1CA2844A00674BB9 /* Release */,
			);
			defaultConfigurationIsVisible = 0;
			defaultConfigurationName = Release;
		};
/* End XCConfigurationList section */
	};
	rootObject = 4D7DF7DB1CA2844A00674BB9 /* Project object */;
}
